
Microsoft Visual Studio Solution File, Format Version 12.00
# Visual Studio 15
VisualStudioVersion = 15.0.26730.10
MinimumVisualStudioVersion = 10.0.40219.1
Project("{FAE04EC0-301F-11D3-BF4B-00C04F79EFBC}") = "ShopBotTelegram", "ShopBotTelegram\ShopBotTelegram.csproj", "{FB2DE628-A754-4677-85C8-FAC092D0BDDB}"
EndProject
Global
	GlobalSection(SolutionConfigurationPlatforms) = preSolution
		Debug|Any CPU = Debug|Any CPU
		Release|Any CPU = Release|Any CPU
	EndGlobalSection
	GlobalSection(ProjectConfigurationPlatforms) = postSolution
		{FB2DE628-A754-4677-85C8-FAC092D0BDDB}.Debug|Any CPU.ActiveCfg = Debug|Any CPU
		{FB2DE628-A754-4677-85C8-FAC092D0BDDB}.Debug|Any CPU.Build.0 = Debug|Any CPU
		{FB2DE628-A754-4677-85C8-FAC092D0BDDB}.Release|Any CPU.ActiveCfg = Release|Any CPU
		{FB2DE628-A754-4677-85C8-FAC092D0BDDB}.Release|Any CPU.Build.0 = Release|Any CPU
	EndGlobalSection
	GlobalSection(SolutionProperties) = preSolution
		HideSolutionNode = FALSE
	EndGlobalSection
	GlobalSection(ExtensibilityGlobals) = postSolution
		SolutionGuid = {36922A9F-71CD-49DA-9187-C95E1E276558}
	EndGlobalSection
EndGlobal
